
Microsoft Visual Studio Solution File, Format Version 11.00
# Visual Studio 2010
Project("{8BC9CEB8-8B4A-11D0-8D11-00A0C91BC942}") = "AndroidLogger", "AndroidLogger.vcxproj", "{1C3EF5E5-CAA3-40A3-80E2-938514F4022D}"
EndProject
Global
	GlobalSection(SolutionConfigurationPlatforms) = preSolution
		Debug|Win32 = Debug|Win32
		Release|Win32 = Release|Win32
	EndGlobalSection
	GlobalSection(ProjectConfigurationPlatforms) = postSolution
		{1C3EF5E5-CAA3-40A3-80E2-938514F4022D}.Debug|Win32.ActiveCfg = Debug|Win32
		{1C3EF5E5-CAA3-40A3-80E2-938514F4022D}.Debug|Win32.Build.0 = Debug|Win32
		{1C3EF5E5-CAA3-40A3-80E2-938514F4022D}.Release|Win32.ActiveCfg = Release|Win32
		{1C3EF5E5-CAA3-40A3-80E2-938514F4022D}.Release|Win32.Build.0 = Release|Win32
	EndGlobalSection
	GlobalSection(SolutionProperties) = preSolution
		HideSolutionNode = FALSE
	EndGlobalSection
EndGlobal
